github.com/tomedme/greetings v0.0.0-20210105090723-180781350fd9 h1:LrrL/ZGAd0t5uB4tVYyoZUT1AIRQNKEEg4oWIKOhmqA=
github.com/tomedme/greetings v0.0.0-20210105090723-180781350fd9/go.mod h1:HsiQoPkO24kGb0Fc9YOH1VvPznkOvLpRBVEadeexNpA=
github.com/tomedme/greetings v0.0.0-20210106004557-c04bb5ce5a38 h1:eJrdlAsIYcmuRc0Y9slC4hy5wHrxhvYng0+2SbAGXzk=
github.com/tomedme/greetings v0.0.0-20210106004557-c04bb5ce5a38/go.mod h1:HsiQoPkO24kGb0Fc9YOH1VvPznkOvLpRBVEadeexNpA=
github.com/tomedme/greetings v1.0.0 h1:fJQQA1YZONhZRGHq1CJSi5i+bUfqbFIU/l0NN4Z4lVQ=
github.com/tomedme/greetings v1.0.0/go.mod h1:HsiQoPkO24kGb0Fc9YOH1VvPznkOvLpRBVEadeexNpA=
